// !$*UTF8*$!
{
	archiveVersion = 1;
	classes = {
	};
	objectVersion = 48;
	objects = {

/* Begin PBXBuildFile section */
		31E9499DFA415FEFD8DBCCCE /* Pods_AppRTCDemoUITests.framework in Frameworks */ = {isa = PBXBuildFile; fileRef = 773D2014F14584A2496AE40D /* Pods_AppRTCDemoUITests.framework */; };
		480403252013586900A50C61 /* DrawView.swift in Sources */ = {isa = PBXBuildFile; fileRef = 480403242013586900A50C61 /* DrawView.swift */; };
		4815A0E42015FD560095C9EF /* RoomNavigationViewController.swift in Sources */ = {isa = PBXBuildFile; fileRef = 4815A0E32015FD560095C9EF /* RoomNavigationViewController.swift */; };
		4816E720201217190096DFEF /* AbstractDrawViewController.swift in Sources */ = {isa = PBXBuildFile; fileRef = 4816E71F201217190096DFEF /* AbstractDrawViewController.swift */; };
		4816E723201217F80096DFEF /* DrawDelegate.swift in Sources */ = {isa = PBXBuildFile; fileRef = 4816E722201217F80096DFEF /* DrawDelegate.swift */; };
		4816E726201219FF0096DFEF /* VideoViewController.swift in Sources */ = {isa = PBXBuildFile; fileRef = 4816E725201219FF0096DFEF /* VideoViewController.swift */; };
		4816E72B201222C20096DFEF /* DrawConstants.swift in Sources */ = {isa = PBXBuildFile; fileRef = 4816E72A201222C20096DFEF /* DrawConstants.swift */; };
		481AF13A2015F04F0091273B /* VideoCallViewController.swift in Sources */ = {isa = PBXBuildFile; fileRef = 481AF1392015F04F0091273B /* VideoCallViewController.swift */; };
		481AF1482015F7270091273B /* DesignViewController.swift in Sources */ = {isa = PBXBuildFile; fileRef = 481AF1472015F7270091273B /* DesignViewController.swift */; };
		4823143D201104F10052292C /* DrawViewController.swift in Sources */ = {isa = PBXBuildFile; fileRef = 4823143C201104F10052292C /* DrawViewController.swift */; };
		48231440201109B90052292C /* Line.swift in Sources */ = {isa = PBXBuildFile; fileRef = 4823143F201109B90052292C /* Line.swift */; };
		486097F82011D9B10081700F /* AppClientConstants.swift in Sources */ = {isa = PBXBuildFile; fileRef = 486097F72011D9B10081700F /* AppClientConstants.swift */; };
		487637F42011FF5D00FDFA17 /* Utils.swift in Sources */ = {isa = PBXBuildFile; fileRef = 487637F32011FF5D00FDFA17 /* Utils.swift */; };
		48843049200F737300EBA819 /* AppDelegate.swift in Sources */ = {isa = PBXBuildFile; fileRef = 48843048200F737300EBA819 /* AppDelegate.swift */; };
		4884304B200F737300EBA819 /* ViewController.swift in Sources */ = {isa = PBXBuildFile; fileRef = 4884304A200F737300EBA819 /* ViewController.swift */; };
		4884304E200F737300EBA819 /* Main.storyboard in Resources */ = {isa = PBXBuildFile; fileRef = 4884304C200F737300EBA819 /* Main.storyboard */; };
		4884305E200F737300EBA819 /* AppRTCDemoTests.swift in Sources */ = {isa = PBXBuildFile; fileRef = 4884305D200F737300EBA819 /* AppRTCDemoTests.swift */; };
		48843069200F737300EBA819 /* AppRTCDemoUITests.swift in Sources */ = {isa = PBXBuildFile; fileRef = 48843068200F737300EBA819 /* AppRTCDemoUITests.swift */; };
		48843289200FB71D00EBA819 /* ARDMessageResponse.m in Sources */ = {isa = PBXBuildFile; fileRef = 48843275200FB71900EBA819 /* ARDMessageResponse.m */; };
		4884328A200FB71D00EBA819 /* ARDWebSocketChannel.m in Sources */ = {isa = PBXBuildFile; fileRef = 48843276200FB71900EBA819 /* ARDWebSocketChannel.m */; };
		4884328B200FB71D00EBA819 /* RTCMediaConstraints+JSON.m in Sources */ = {isa = PBXBuildFile; fileRef = 4884327A200FB71A00EBA819 /* RTCMediaConstraints+JSON.m */; };
		4884328C200FB71D00EBA819 /* RTCSessionDescription+JSON.m in Sources */ = {isa = PBXBuildFile; fileRef = 4884327B200FB71A00EBA819 /* RTCSessionDescription+JSON.m */; };
		4884328D200FB71D00EBA819 /* ARDSignalingMessage.m in Sources */ = {isa = PBXBuildFile; fileRef = 4884327C200FB71A00EBA819 /* ARDSignalingMessage.m */; };
		4884328E200FB71D00EBA819 /* ARDRegisterResponse.m in Sources */ = {isa = PBXBuildFile; fileRef = 4884327F200FB71B00EBA819 /* ARDRegisterResponse.m */; };
		4884328F200FB71D00EBA819 /* RTCICEServer+JSON.m in Sources */ = {isa = PBXBuildFile; fileRef = 48843280200FB71B00EBA819 /* RTCICEServer+JSON.m */; };
		48843290200FB71D00EBA819 /* RTCICECandidate+JSON.m in Sources */ = {isa = PBXBuildFile; fileRef = 48843285200FB71C00EBA819 /* RTCICECandidate+JSON.m */; };
		48843291200FB71D00EBA819 /* ARDAppClient.m in Sources */ = {isa = PBXBuildFile; fileRef = 48843287200FB71C00EBA819 /* ARDAppClient.m */; };
		48843292200FB71D00EBA819 /* ARDUtilities.m in Sources */ = {isa = PBXBuildFile; fileRef = 48843288200FB71D00EBA819 /* ARDUtilities.m */; };
		4888393720171EC60086269E /* DrawMessage.swift in Sources */ = {isa = PBXBuildFile; fileRef = 4888393620171EC60086269E /* DrawMessage.swift */; };
		4888393920171F030086269E /* Path.swift in Sources */ = {isa = PBXBuildFile; fileRef = 4888393820171F030086269E /* Path.swift */; };
		4888393B201724190086269E /* PathsConvertTestTests.swift in Sources */ = {isa = PBXBuildFile; fileRef = 4888393A201724190086269E /* PathsConvertTestTests.swift */; };
		488E393E2018A766007B1A5E /* LaunchScreen.storyboard in Resources */ = {isa = PBXBuildFile; fileRef = 488E393C2018A766007B1A5E /* LaunchScreen.storyboard */; };
		488E39402018ADFB007B1A5E /* Assets.xcassets in Resources */ = {isa = PBXBuildFile; fileRef = 488E393F2018ADFA007B1A5E /* Assets.xcassets */; };
		489BCB2F2015CDA000933E44 /* VideoViewModel.swift in Sources */ = {isa = PBXBuildFile; fileRef = 489BCB2E2015CDA000933E44 /* VideoViewModel.swift */; };
		489BCB312015CDAD00933E44 /* VideoActions.swift in Sources */ = {isa = PBXBuildFile; fileRef = 489BCB302015CDAD00933E44 /* VideoActions.swift */; };
		48B3E874201781390085EDD2 /* SpecialistsViewModel.swift in Sources */ = {isa = PBXBuildFile; fileRef = 48B3E873201781390085EDD2 /* SpecialistsViewModel.swift */; };
		48B3E878201781600085EDD2 /* Message.swift in Sources */ = {isa = PBXBuildFile; fileRef = 48B3E877201781600085EDD2 /* Message.swift */; };
		48B3E87A201782FD0085EDD2 /* MessageTypes.swift in Sources */ = {isa = PBXBuildFile; fileRef = 48B3E879201782FD0085EDD2 /* MessageTypes.swift */; };
		48B3E87C201783790085EDD2 /* MessageBuilder.swift in Sources */ = {isa = PBXBuildFile; fileRef = 48B3E87B201783790085EDD2 /* MessageBuilder.swift */; };
		48B3E87E2017879A0085EDD2 /* SocketModel.swift in Sources */ = {isa = PBXBuildFile; fileRef = 48B3E87D2017879A0085EDD2 /* SocketModel.swift */; };
		48B3E880201789AD0085EDD2 /* SocketsConstants.swift in Sources */ = {isa = PBXBuildFile; fileRef = 48B3E87F201789AD0085EDD2 /* SocketsConstants.swift */; };
		48B3E88220178AA30085EDD2 /* SocketDelegate.swift in Sources */ = {isa = PBXBuildFile; fileRef = 48B3E88120178AA30085EDD2 /* SocketDelegate.swift */; };
		48B3E884201792740085EDD2 /* AuthorizationViewController.swift in Sources */ = {isa = PBXBuildFile; fileRef = 48B3E883201792740085EDD2 /* AuthorizationViewController.swift */; };
		48B3E887201793C20085EDD2 /* MainViewController.swift in Sources */ = {isa = PBXBuildFile; fileRef = 48B3E886201793C20085EDD2 /* MainViewController.swift */; };
		48B3E88B2017A0F20085EDD2 /* SpecialistsActions.swift in Sources */ = {isa = PBXBuildFile; fileRef = 48B3E88A2017A0F20085EDD2 /* SpecialistsActions.swift */; };
		48B3E88D2017A1D50085EDD2 /* SpecialistsTableViewController.swift in Sources */ = {isa = PBXBuildFile; fileRef = 48B3E88C2017A1D50085EDD2 /* SpecialistsTableViewController.swift */; };
		48B3E88F2017A1E80085EDD2 /* SpecialistTableViewCell.swift in Sources */ = {isa = PBXBuildFile; fileRef = 48B3E88E2017A1E80085EDD2 /* SpecialistTableViewCell.swift */; };
		48B3E8962017C0440085EDD2 /* TestRoomViewController.swift in Sources */ = {isa = PBXBuildFile; fileRef = 48B3E8952017C0440085EDD2 /* TestRoomViewController.swift */; };
		48BD49FC20174AE30053FFDE /* SpecialistModel.swift in Sources */ = {isa = PBXBuildFile; fileRef = 48BD49FB20174AE30053FFDE /* SpecialistModel.swift */; };
		48BD4A0020174C530053FFDE /* SpecialistsRepository.swift in Sources */ = {isa = PBXBuildFile; fileRef = 48BD49FF20174C530053FFDE /* SpecialistsRepository.swift */; };
		48BD4A0320174DAC0053FFDE /* Authorization.swift in Sources */ = {isa = PBXBuildFile; fileRef = 48BD4A0220174DAC0053FFDE /* Authorization.swift */; };
		48EBEE1E2016589400F36C3E /* AnimationConstants.swift in Sources */ = {isa = PBXBuildFile; fileRef = 48EBEE1D2016589400F36C3E /* AnimationConstants.swift */; };
		48F975F720187DA900414644 /* SpecialistsViewModelDelegate.swift in Sources */ = {isa = PBXBuildFile; fileRef = 48F975F620187DA900414644 /* SpecialistsViewModelDelegate.swift */; };
		58037FD8A0AE09C45EA171B9 /* Pods_AppRTCDemoTests.framework in Frameworks */ = {isa = PBXBuildFile; fileRef = FEAA89ABA368AA6DC9924800 /* Pods_AppRTCDemoTests.framework */; };
		947D3A0AFBCD513410DFC40F /* Pods_AppRTCDemo.framework in Frameworks */ = {isa = PBXBuildFile; fileRef = CB4FC53AC8479F039D7F36E8 /* Pods_AppRTCDemo.framework */; };
/* End PBXBuildFile section */

/* Begin PBXContainerItemProxy section */
		4884305A200F737300EBA819 /* PBXContainerItemProxy */ = {
			isa = PBXContainerItemProxy;
			containerPortal = 4884303D200F737300EBA819 /* Project object */;
			proxyType = 1;
			remoteGlobalIDString = 48843044200F737300EBA819;
			remoteInfo = AppRTCDemo;
		};
		48843065200F737300EBA819 /* PBXContainerItemProxy */ = {
			isa = PBXContainerItemProxy;
			containerPortal = 4884303D200F737300EBA819 /* Project object */;
			proxyType = 1;
			remoteGlobalIDString = 48843044200F737300EBA819;
			remoteInfo = AppRTCDemo;
		};
/* End PBXContainerItemProxy section */

/* Begin PBXFileReference section */
		00C6D005D261B302F4783755 /* Pods-AppRTCDemoTests.debug.xcconfig */ = {isa = PBXFileReference; includeInIndex = 1; lastKnownFileType = text.xcconfig; name = "Pods-AppRTCDemoTests.debug.xcconfig"; path = "Pods/Target Support Files/Pods-AppRTCDemoTests/Pods-AppRTCDemoTests.debug.xcconfig"; sourceTree = "<group>"; };
		14441BFD506D17633BA9AE4A /* Pods-AppRTCDemoUITests.debug.xcconfig */ = {isa = PBXFileReference; includeInIndex = 1; lastKnownFileType = text.xcconfig; name = "Pods-AppRTCDemoUITests.debug.xcconfig"; path = "Pods/Target Support Files/Pods-AppRTCDemoUITests/Pods-AppRTCDemoUITests.debug.xcconfig"; sourceTree = "<group>"; };
		34B3FE40AE60837C87F68871 /* Pods-AppRTCDemoUITests.release.xcconfig */ = {isa = PBXFileReference; includeInIndex = 1; lastKnownFileType = text.xcconfig; name = "Pods-AppRTCDemoUITests.release.xcconfig"; path = "Pods/Target Support Files/Pods-AppRTCDemoUITests/Pods-AppRTCDemoUITests.release.xcconfig"; sourceTree = "<group>"; };
		480403242013586900A50C61 /* DrawView.swift */ = {isa = PBXFileReference; lastKnownFileType = sourcecode.swift; path = DrawView.swift; sourceTree = "<group>"; };
		4815A0E32015FD560095C9EF /* RoomNavigationViewController.swift */ = {isa = PBXFileReference; lastKnownFileType = sourcecode.swift; path = RoomNavigationViewController.swift; sourceTree = "<group>"; };
		4816E71F201217190096DFEF /* AbstractDrawViewController.swift */ = {isa = PBXFileReference; lastKnownFileType = sourcecode.swift; path = AbstractDrawViewController.swift; sourceTree = "<group>"; };
		4816E722201217F80096DFEF /* DrawDelegate.swift */ = {isa = PBXFileReference; lastKnownFileType = sourcecode.swift; path = DrawDelegate.swift; sourceTree = "<group>"; };
		4816E725201219FF0096DFEF /* VideoViewController.swift */ = {isa = PBXFileReference; lastKnownFileType = sourcecode.swift; path = VideoViewController.swift; sourceTree = "<group>"; };
		4816E72A201222C20096DFEF /* DrawConstants.swift */ = {isa = PBXFileReference; lastKnownFileType = sourcecode.swift; path = DrawConstants.swift; sourceTree = "<group>"; };
		481AF1392015F04F0091273B /* VideoCallViewController.swift */ = {isa = PBXFileReference; lastKnownFileType = sourcecode.swift; path = VideoCallViewController.swift; sourceTree = "<group>"; };
		481AF1472015F7270091273B /* DesignViewController.swift */ = {isa = PBXFileReference; lastKnownFileType = sourcecode.swift; path = DesignViewController.swift; sourceTree = "<group>"; };
		482313FD2010E3A00052292C /* ARDMessageReceiver.h */ = {isa = PBXFileReference; lastKnownFileType = sourcecode.c.h; path = ARDMessageReceiver.h; sourceTree = "<group>"; };
		4823143C201104F10052292C /* DrawViewController.swift */ = {isa = PBXFileReference; lastKnownFileType = sourcecode.swift; path = DrawViewController.swift; sourceTree = "<group>"; };
		4823143F201109B90052292C /* Line.swift */ = {isa = PBXFileReference; lastKnownFileType = sourcecode.swift; path = Line.swift; sourceTree = "<group>"; };
		486097F72011D9B10081700F /* AppClientConstants.swift */ = {isa = PBXFileReference; lastKnownFileType = sourcecode.swift; path = AppClientConstants.swift; sourceTree = "<group>"; };
		487637F32011FF5D00FDFA17 /* Utils.swift */ = {isa = PBXFileReference; lastKnownFileType = sourcecode.swift; path = Utils.swift; sourceTree = "<group>"; };
		48843045200F737300EBA819 /* Fluke Assist.app */ = {isa = PBXFileReference; explicitFileType = wrapper.application; includeInIndex = 0; path = "Fluke Assist.app"; sourceTree = BUILT_PRODUCTS_DIR; };
		48843048200F737300EBA819 /* AppDelegate.swift */ = {isa = PBXFileReference; lastKnownFileType = sourcecode.swift; path = AppDelegate.swift; sourceTree = "<group>"; };
		4884304A200F737300EBA819 /* ViewController.swift */ = {isa = PBXFileReference; lastKnownFileType = sourcecode.swift; path = ViewController.swift; sourceTree = "<group>"; };
		4884304D200F737300EBA819 /* Base */ = {isa = PBXFileReference; lastKnownFileType = file.storyboard; name = Base; path = Base.lproj/Main.storyboard; sourceTree = "<group>"; };
		48843054200F737300EBA819 /* Info.plist */ = {isa = PBXFileReference; lastKnownFileType = text.plist.xml; path = Info.plist; sourceTree = "<group>"; };
		48843059200F737300EBA819 /* AppRTCDemoTests.xctest */ = {isa = PBXFileReference; explicitFileType = wrapper.cfbundle; includeInIndex = 0; path = AppRTCDemoTests.xctest; sourceTree = BUILT_PRODUCTS_DIR; };
		4884305D200F737300EBA819 /* AppRTCDemoTests.swift */ = {isa = PBXFileReference; lastKnownFileType = sourcecode.swift; path = AppRTCDemoTests.swift; sourceTree = "<group>"; };
		4884305F200F737300EBA819 /* Info.plist */ = {isa = PBXFileReference; lastKnownFileType = text.plist.xml; path = Info.plist; sourceTree = "<group>"; };
		48843064200F737300EBA819 /* AppRTCDemoUITests.xctest */ = {isa = PBXFileReference; explicitFileType = wrapper.cfbundle; includeInIndex = 0; path = AppRTCDemoUITests.xctest; sourceTree = BUILT_PRODUCTS_DIR; };
		48843068200F737300EBA819 /* AppRTCDemoUITests.swift */ = {isa = PBXFileReference; lastKnownFileType = sourcecode.swift; path = AppRTCDemoUITests.swift; sourceTree = "<group>"; };
		4884306A200F737300EBA819 /* Info.plist */ = {isa = PBXFileReference; lastKnownFileType = text.plist.xml; path = Info.plist; sourceTree = "<group>"; };
		48843274200FB71800EBA819 /* AppRTCDemo-Bridging-Header.h */ = {isa = PBXFileReference; lastKnownFileType = sourcecode.c.h; path = "AppRTCDemo-Bridging-Header.h"; sourceTree = "<group>"; };
		48843275200FB71900EBA819 /* ARDMessageResponse.m */ = {isa = PBXFileReference; fileEncoding = 4; lastKnownFileType = sourcecode.c.objc; path = ARDMessageResponse.m; sourceTree = "<group>"; };
		48843276200FB71900EBA819 /* ARDWebSocketChannel.m */ = {isa = PBXFileReference; fileEncoding = 4; lastKnownFileType = sourcecode.c.objc; path = ARDWebSocketChannel.m; sourceTree = "<group>"; };
		48843277200FB71900EBA819 /* ARDRegisterResponse.h */ = {isa = PBXFileReference; fileEncoding = 4; lastKnownFileType = sourcecode.c.h; path = ARDRegisterResponse.h; sourceTree = "<group>"; };
		48843278200FB71A00EBA819 /* RTCICECandidate+JSON.h */ = {isa = PBXFileReference; fileEncoding = 4; lastKnownFileType = sourcecode.c.h; path = "RTCICECandidate+JSON.h"; sourceTree = "<group>"; };
		48843279200FB71A00EBA819 /* RTCICEServer+JSON.h */ = {isa = PBXFileReference; fileEncoding = 4; lastKnownFileType = sourcecode.c.h; path = "RTCICEServer+JSON.h"; sourceTree = "<group>"; };
		4884327A200FB71A00EBA819 /* RTCMediaConstraints+JSON.m */ = {isa = PBXFileReference; fileEncoding = 4; lastKnownFileType = sourcecode.c.objc; path = "RTCMediaConstraints+JSON.m"; sourceTree = "<group>"; };
		4884327B200FB71A00EBA819 /* RTCSessionDescription+JSON.m */ = {isa = PBXFileReference; fileEncoding = 4; lastKnownFileType = sourcecode.c.objc; path = "RTCSessionDescription+JSON.m"; sourceTree = "<group>"; };
		4884327C200FB71A00EBA819 /* ARDSignalingMessage.m */ = {isa = PBXFileReference; fileEncoding = 4; lastKnownFileType = sourcecode.c.objc; path = ARDSignalingMessage.m; sourceTree = "<group>"; };
		4884327D200FB71A00EBA819 /* ARDWebSocketChannel.h */ = {isa = PBXFileReference; fileEncoding = 4; lastKnownFileType = sourcecode.c.h; path = ARDWebSocketChannel.h; sourceTree = "<group>"; };
		4884327E200FB71B00EBA819 /* ARDAppClient.h */ = {isa = PBXFileReference; fileEncoding = 4; lastKnownFileType = sourcecode.c.h; path = ARDAppClient.h; sourceTree = "<group>"; };
		4884327F200FB71B00EBA819 /* ARDRegisterResponse.m */ = {isa = PBXFileReference; fileEncoding = 4; lastKnownFileType = sourcecode.c.objc; path = ARDRegisterResponse.m; sourceTree = "<group>"; };
		48843280200FB71B00EBA819 /* RTCICEServer+JSON.m */ = {isa = PBXFileReference; fileEncoding = 4; lastKnownFileType = sourcecode.c.objc; path = "RTCICEServer+JSON.m"; sourceTree = "<group>"; };
		48843281200FB71B00EBA819 /* ARDMessageResponse.h */ = {isa = PBXFileReference; fileEncoding = 4; lastKnownFileType = sourcecode.c.h; path = ARDMessageResponse.h; sourceTree = "<group>"; };
		48843282200FB71C00EBA819 /* RTCMediaConstraints+JSON.h */ = {isa = PBXFileReference; fileEncoding = 4; lastKnownFileType = sourcecode.c.h; path = "RTCMediaConstraints+JSON.h"; sourceTree = "<group>"; };
		48843283200FB71C00EBA819 /* ARDSignalingMessage.h */ = {isa = PBXFileReference; fileEncoding = 4; lastKnownFileType = sourcecode.c.h; path = ARDSignalingMessage.h; sourceTree = "<group>"; };
		48843284200FB71C00EBA819 /* RTCSessionDescription+JSON.h */ = {isa = PBXFileReference; fileEncoding = 4; lastKnownFileType = sourcecode.c.h; path = "RTCSessionDescription+JSON.h"; sourceTree = "<group>"; };
		48843285200FB71C00EBA819 /* RTCICECandidate+JSON.m */ = {isa = PBXFileReference; fileEncoding = 4; lastKnownFileType = sourcecode.c.objc; path = "RTCICECandidate+JSON.m"; sourceTree = "<group>"; };
		48843286200FB71C00EBA819 /* ARDUtilities.h */ = {isa = PBXFileReference; fileEncoding = 4; lastKnownFileType = sourcecode.c.h; path = ARDUtilities.h; sourceTree = "<group>"; };
		48843287200FB71C00EBA819 /* ARDAppClient.m */ = {isa = PBXFileReference; fileEncoding = 4; lastKnownFileType = sourcecode.c.objc; path = ARDAppClient.m; sourceTree = "<group>"; };
		48843288200FB71D00EBA819 /* ARDUtilities.m */ = {isa = PBXFileReference; fileEncoding = 4; lastKnownFileType = sourcecode.c.objc; path = ARDUtilities.m; sourceTree = "<group>"; };
		4888393620171EC60086269E /* DrawMessage.swift */ = {isa = PBXFileReference; lastKnownFileType = sourcecode.swift; path = DrawMessage.swift; sourceTree = "<group>"; };
		4888393820171F030086269E /* Path.swift */ = {isa = PBXFileReference; lastKnownFileType = sourcecode.swift; path = Path.swift; sourceTree = "<group>"; };
		4888393A201724190086269E /* PathsConvertTestTests.swift */ = {isa = PBXFileReference; lastKnownFileType = sourcecode.swift; path = PathsConvertTestTests.swift; sourceTree = "<group>"; };
		488E393D2018A766007B1A5E /* Base */ = {isa = PBXFileReference; lastKnownFileType = file.storyboard; name = Base; path = Base.lproj/LaunchScreen.storyboard; sourceTree = "<group>"; };
		488E393F2018ADFA007B1A5E /* Assets.xcassets */ = {isa = PBXFileReference; lastKnownFileType = folder.assetcatalog; path = Assets.xcassets; sourceTree = "<group>"; };
		489BCB2E2015CDA000933E44 /* VideoViewModel.swift */ = {isa = PBXFileReference; lastKnownFileType = sourcecode.swift; path = VideoViewModel.swift; sourceTree = "<group>"; };
		489BCB302015CDAD00933E44 /* VideoActions.swift */ = {isa = PBXFileReference; lastKnownFileType = sourcecode.swift; path = VideoActions.swift; sourceTree = "<group>"; };
		48B3E873201781390085EDD2 /* SpecialistsViewModel.swift */ = {isa = PBXFileReference; lastKnownFileType = sourcecode.swift; path = SpecialistsViewModel.swift; sourceTree = "<group>"; };
		48B3E877201781600085EDD2 /* Message.swift */ = {isa = PBXFileReference; lastKnownFileType = sourcecode.swift; path = Message.swift; sourceTree = "<group>"; };
		48B3E879201782FD0085EDD2 /* MessageTypes.swift */ = {isa = PBXFileReference; lastKnownFileType = sourcecode.swift; path = MessageTypes.swift; sourceTree = "<group>"; };
		48B3E87B201783790085EDD2 /* MessageBuilder.swift */ = {isa = PBXFileReference; lastKnownFileType = sourcecode.swift; path = MessageBuilder.swift; sourceTree = "<group>"; };
		48B3E87D2017879A0085EDD2 /* SocketModel.swift */ = {isa = PBXFileReference; lastKnownFileType = sourcecode.swift; path = SocketModel.swift; sourceTree = "<group>"; };
		48B3E87F201789AD0085EDD2 /* SocketsConstants.swift */ = {isa = PBXFileReference; lastKnownFileType = sourcecode.swift; path = SocketsConstants.swift; sourceTree = "<group>"; };
		48B3E88120178AA30085EDD2 /* SocketDelegate.swift */ = {isa = PBXFileReference; lastKnownFileType = sourcecode.swift; path = SocketDelegate.swift; sourceTree = "<group>"; };
		48B3E883201792740085EDD2 /* AuthorizationViewController.swift */ = {isa = PBXFileReference; lastKnownFileType = sourcecode.swift; path = AuthorizationViewController.swift; sourceTree = "<group>"; };
		48B3E886201793C20085EDD2 /* MainViewController.swift */ = {isa = PBXFileReference; lastKnownFileType = sourcecode.swift; path = MainViewController.swift; sourceTree = "<group>"; };
		48B3E88A2017A0F20085EDD2 /* SpecialistsActions.swift */ = {isa = PBXFileReference; lastKnownFileType = sourcecode.swift; path = SpecialistsActions.swift; sourceTree = "<group>"; };
		48B3E88C2017A1D50085EDD2 /* SpecialistsTableViewController.swift */ = {isa = PBXFileReference; lastKnownFileType = sourcecode.swift; path = SpecialistsTableViewController.swift; sourceTree = "<group>"; };
		48B3E88E2017A1E80085EDD2 /* SpecialistTableViewCell.swift */ = {isa = PBXFileReference; lastKnownFileType = sourcecode.swift; path = SpecialistTableViewCell.swift; sourceTree = "<group>"; };
		48B3E8952017C0440085EDD2 /* TestRoomViewController.swift */ = {isa = PBXFileReference; lastKnownFileType = sourcecode.swift; path = TestRoomViewController.swift; sourceTree = "<group>"; };
		48BD49FB20174AE30053FFDE /* SpecialistModel.swift */ = {isa = PBXFileReference; lastKnownFileType = sourcecode.swift; path = SpecialistModel.swift; sourceTree = "<group>"; };
		48BD49FF20174C530053FFDE /* SpecialistsRepository.swift */ = {isa = PBXFileReference; lastKnownFileType = sourcecode.swift; path = SpecialistsRepository.swift; sourceTree = "<group>"; };
		48BD4A0220174DAC0053FFDE /* Authorization.swift */ = {isa = PBXFileReference; lastKnownFileType = sourcecode.swift; path = Authorization.swift; sourceTree = "<group>"; };
		48EBEE1D2016589400F36C3E /* AnimationConstants.swift */ = {isa = PBXFileReference; lastKnownFileType = sourcecode.swift; path = AnimationConstants.swift; sourceTree = "<group>"; };
		48F975F620187DA900414644 /* SpecialistsViewModelDelegate.swift */ = {isa = PBXFileReference; lastKnownFileType = sourcecode.swift; path = SpecialistsViewModelDelegate.swift; sourceTree = "<group>"; };
		773D2014F14584A2496AE40D /* Pods_AppRTCDemoUITests.framework */ = {isa = PBXFileReference; explicitFileType = wrapper.framework; includeInIndex = 0; path = Pods_AppRTCDemoUITests.framework; sourceTree = BUILT_PRODUCTS_DIR; };
		8D34F3CC836355E144EFFB5E /* Pods-AppRTCDemo.release.xcconfig */ = {isa = PBXFileReference; includeInIndex = 1; lastKnownFileType = text.xcconfig; name = "Pods-AppRTCDemo.release.xcconfig"; path = "Pods/Target Support Files/Pods-AppRTCDemo/Pods-AppRTCDemo.release.xcconfig"; sourceTree = "<group>"; };
		B9232B2E0D4E2C4F4A1ED24C /* Pods-AppRTCDemoTests.release.xcconfig */ = {isa = PBXFileReference; includeInIndex = 1; lastKnownFileType = text.xcconfig; name = "Pods-AppRTCDemoTests.release.xcconfig"; path = "Pods/Target Support Files/Pods-AppRTCDemoTests/Pods-AppRTCDemoTests.release.xcconfig"; sourceTree = "<group>"; };
		CB4FC53AC8479F039D7F36E8 /* Pods_AppRTCDemo.framework */ = {isa = PBXFileReference; explicitFileType = wrapper.framework; includeInIndex = 0; path = Pods_AppRTCDemo.framework; sourceTree = BUILT_PRODUCTS_DIR; };
		EA95E17BE08C17D68E0EE43A /* Pods-AppRTCDemo.debug.xcconfig */ = {isa = PBXFileReference; includeInIndex = 1; lastKnownFileType = text.xcconfig; name = "Pods-AppRTCDemo.debug.xcconfig"; path = "Pods/Target Support Files/Pods-AppRTCDemo/Pods-AppRTCDemo.debug.xcconfig"; sourceTree = "<group>"; };
		FEAA89ABA368AA6DC9924800 /* Pods_AppRTCDemoTests.framework */ = {isa = PBXFileReference; explicitFileType = wrapper.framework; includeInIndex = 0; path = Pods_AppRTCDemoTests.framework; sourceTree = BUILT_PRODUCTS_DIR; };
/* End PBXFileReference section */

/* Begin PBXFrameworksBuildPhase section */
		48843042200F737300EBA819 /* Frameworks */ = {
			isa = PBXFrameworksBuildPhase;
			buildActionMask = 2147483647;
			files = (
				947D3A0AFBCD513410DFC40F /* Pods_AppRTCDemo.framework in Frameworks */,
			);
			runOnlyForDeploymentPostprocessing = 0;
		};
		48843056200F737300EBA819 /* Frameworks */ = {
			isa = PBXFrameworksBuildPhase;
			buildActionMask = 2147483647;
			files = (
				58037FD8A0AE09C45EA171B9 /* Pods_AppRTCDemoTests.framework in Frameworks */,
			);
			runOnlyForDeploymentPostprocessing = 0;
		};
		48843061200F737300EBA819 /* Frameworks */ = {
			isa = PBXFrameworksBuildPhase;
			buildActionMask = 2147483647;
			files = (
				31E9499DFA415FEFD8DBCCCE /* Pods_AppRTCDemoUITests.framework in Frameworks */,
			);
			runOnlyForDeploymentPostprocessing = 0;
		};
/* End PBXFrameworksBuildPhase section */

/* Begin PBXGroup section */
		4815A0E22015FD450095C9EF /* RoomNavigation */ = {
			isa = PBXGroup;
			children = (
				4815A0E32015FD560095C9EF /* RoomNavigationViewController.swift */,
			);
			path = RoomNavigation;
			sourceTree = "<group>";
		};
		4816E721201217E60096DFEF /* Draw */ = {
			isa = PBXGroup;
			children = (
				4816E71F201217190096DFEF /* AbstractDrawViewController.swift */,
				4816E722201217F80096DFEF /* DrawDelegate.swift */,
				480403242013586900A50C61 /* DrawView.swift */,
			);
			path = Draw;
			sourceTree = "<group>";
		};
		4816E724201219EA0096DFEF /* Video */ = {
			isa = PBXGroup;
			children = (
				4816E725201219FF0096DFEF /* VideoViewController.swift */,
			);
			path = Video;
			sourceTree = "<group>";
		};
		481AF1382015F0400091273B /* NewVideo */ = {
			isa = PBXGroup;
			children = (
				481AF1392015F04F0091273B /* VideoCallViewController.swift */,
			);
			path = NewVideo;
			sourceTree = "<group>";
		};
		4823143E201109AB0052292C /* Drawing */ = {
			isa = PBXGroup;
			children = (
				4823143F201109B90052292C /* Line.swift */,
				4888393620171EC60086269E /* DrawMessage.swift */,
				4888393820171F030086269E /* Path.swift */,
			);
			path = Drawing;
			sourceTree = "<group>";
		};
		486097F62011D9A70081700F /* Constants */ = {
			isa = PBXGroup;
			children = (
				486097F72011D9B10081700F /* AppClientConstants.swift */,
				4816E72A201222C20096DFEF /* DrawConstants.swift */,
				48EBEE1D2016589400F36C3E /* AnimationConstants.swift */,
			);
			path = Constants;
			sourceTree = "<group>";
		};
		487637F22011FF5600FDFA17 /* Utils */ = {
			isa = PBXGroup;
			children = (
				487637F32011FF5D00FDFA17 /* Utils.swift */,
			);
			path = Utils;
			sourceTree = "<group>";
		};
		4884303C200F737300EBA819 = {
			isa = PBXGroup;
			children = (
				48843047200F737300EBA819 /* AppRTCDemo */,
				4884305C200F737300EBA819 /* AppRTCDemoTests */,
				48843067200F737300EBA819 /* AppRTCDemoUITests */,
				48843046200F737300EBA819 /* Products */,
				567E05578CA980B316C0729E /* Pods */,
				6F303D1A69696571E028C83E /* Frameworks */,
			);
			sourceTree = "<group>";
		};
		48843046200F737300EBA819 /* Products */ = {
			isa = PBXGroup;
			children = (
				48843045200F737300EBA819 /* Fluke Assist.app */,
				48843059200F737300EBA819 /* AppRTCDemoTests.xctest */,
				48843064200F737300EBA819 /* AppRTCDemoUITests.xctest */,
			);
			name = Products;
			sourceTree = "<group>";
		};
		48843047200F737300EBA819 /* AppRTCDemo */ = {
			isa = PBXGroup;
			children = (
				489BCB2D2015CD9000933E44 /* ViewModel */,
				487637F22011FF5600FDFA17 /* Utils */,
				48843293200FB82200EBA819 /* View */,
				48843294200FB82500EBA819 /* Model */,
				48843273200FB6E900EBA819 /* AppRTCLib */,
				48843048200F737300EBA819 /* AppDelegate.swift */,
				4884304A200F737300EBA819 /* ViewController.swift */,
				4884304C200F737300EBA819 /* Main.storyboard */,
				488E393C2018A766007B1A5E /* LaunchScreen.storyboard */,
				48843054200F737300EBA819 /* Info.plist */,
				488E393F2018ADFA007B1A5E /* Assets.xcassets */,
				481AF1472015F7270091273B /* DesignViewController.swift */,
			);
			path = AppRTCDemo;
			sourceTree = "<group>";
		};
		4884305C200F737300EBA819 /* AppRTCDemoTests */ = {
			isa = PBXGroup;
			children = (
				4884305D200F737300EBA819 /* AppRTCDemoTests.swift */,
				4884305F200F737300EBA819 /* Info.plist */,
				4888393A201724190086269E /* PathsConvertTestTests.swift */,
			);
			path = AppRTCDemoTests;
			sourceTree = "<group>";
		};
		48843067200F737300EBA819 /* AppRTCDemoUITests */ = {
			isa = PBXGroup;
			children = (
				48843068200F737300EBA819 /* AppRTCDemoUITests.swift */,
				4884306A200F737300EBA819 /* Info.plist */,
			);
			path = AppRTCDemoUITests;
			sourceTree = "<group>";
		};
		48843273200FB6E900EBA819 /* AppRTCLib */ = {
			isa = PBXGroup;
			children = (
				4884327E200FB71B00EBA819 /* ARDAppClient.h */,
				48843287200FB71C00EBA819 /* ARDAppClient.m */,
				48843281200FB71B00EBA819 /* ARDMessageResponse.h */,
				48843275200FB71900EBA819 /* ARDMessageResponse.m */,
				48843277200FB71900EBA819 /* ARDRegisterResponse.h */,
				4884327F200FB71B00EBA819 /* ARDRegisterResponse.m */,
				48843283200FB71C00EBA819 /* ARDSignalingMessage.h */,
				4884327C200FB71A00EBA819 /* ARDSignalingMessage.m */,
				48843286200FB71C00EBA819 /* ARDUtilities.h */,
				48843288200FB71D00EBA819 /* ARDUtilities.m */,
				4884327D200FB71A00EBA819 /* ARDWebSocketChannel.h */,
				48843276200FB71900EBA819 /* ARDWebSocketChannel.m */,
				48843278200FB71A00EBA819 /* RTCICECandidate+JSON.h */,
				48843285200FB71C00EBA819 /* RTCICECandidate+JSON.m */,
				48843279200FB71A00EBA819 /* RTCICEServer+JSON.h */,
				48843280200FB71B00EBA819 /* RTCICEServer+JSON.m */,
				48843282200FB71C00EBA819 /* RTCMediaConstraints+JSON.h */,
				4884327A200FB71A00EBA819 /* RTCMediaConstraints+JSON.m */,
				48843284200FB71C00EBA819 /* RTCSessionDescription+JSON.h */,
				4884327B200FB71A00EBA819 /* RTCSessionDescription+JSON.m */,
				48843274200FB71800EBA819 /* AppRTCDemo-Bridging-Header.h */,
				482313FD2010E3A00052292C /* ARDMessageReceiver.h */,
			);
			path = AppRTCLib;
			sourceTree = "<group>";
		};
		48843293200FB82200EBA819 /* View */ = {
			isa = PBXGroup;
			children = (
				48B3E8922017C0190085EDD2 /* TestRoom */,
				48B3E885201793BA0085EDD2 /* Main */,
				48B3E86E201780C50085EDD2 /* Specialists */,
				48B3E86D20177F920085EDD2 /* Login */,
				4815A0E22015FD450095C9EF /* RoomNavigation */,
				481AF1382015F0400091273B /* NewVideo */,
				4816E724201219EA0096DFEF /* Video */,
				4816E721201217E60096DFEF /* Draw */,
				4823143C201104F10052292C /* DrawViewController.swift */,
			);
			path = View;
			sourceTree = "<group>";
		};
		48843294200FB82500EBA819 /* Model */ = {
			isa = PBXGroup;
			children = (
				48B3E876201781590085EDD2 /* Message */,
				48B3E8752017814E0085EDD2 /* Sockets */,
				48BD4A0120174DA20053FFDE /* Authorization */,
				48BD49FA20174AD60053FFDE /* Specialist */,
				486097F62011D9A70081700F /* Constants */,
				4823143E201109AB0052292C /* Drawing */,
			);
			path = Model;
			sourceTree = "<group>";
		};
		489BCB2D2015CD9000933E44 /* ViewModel */ = {
			isa = PBXGroup;
			children = (
				48B3E872201781220085EDD2 /* SpecialistsTable */,
				48B3E871201781020085EDD2 /* VideoCall */,
			);
			path = ViewModel;
			sourceTree = "<group>";
		};
		48B3E86D20177F920085EDD2 /* Login */ = {
			isa = PBXGroup;
			children = (
				48B3E883201792740085EDD2 /* AuthorizationViewController.swift */,
			);
			path = Login;
			sourceTree = "<group>";
		};
		48B3E86E201780C50085EDD2 /* Specialists */ = {
			isa = PBXGroup;
			children = (
				48B3E88C2017A1D50085EDD2 /* SpecialistsTableViewController.swift */,
				48B3E88E2017A1E80085EDD2 /* SpecialistTableViewCell.swift */,
			);
			path = Specialists;
			sourceTree = "<group>";
		};
		48B3E871201781020085EDD2 /* VideoCall */ = {
			isa = PBXGroup;
			children = (
				489BCB2E2015CDA000933E44 /* VideoViewModel.swift */,
				489BCB302015CDAD00933E44 /* VideoActions.swift */,
			);
			path = VideoCall;
			sourceTree = "<group>";
		};
		48B3E872201781220085EDD2 /* SpecialistsTable */ = {
			isa = PBXGroup;
			children = (
				48B3E873201781390085EDD2 /* SpecialistsViewModel.swift */,
				48B3E88A2017A0F20085EDD2 /* SpecialistsActions.swift */,
				48F975F620187DA900414644 /* SpecialistsViewModelDelegate.swift */,
			);
			path = SpecialistsTable;
			sourceTree = "<group>";
		};
		48B3E8752017814E0085EDD2 /* Sockets */ = {
			isa = PBXGroup;
			children = (
				48B3E87D2017879A0085EDD2 /* SocketModel.swift */,
				48B3E87F201789AD0085EDD2 /* SocketsConstants.swift */,
				48B3E88120178AA30085EDD2 /* SocketDelegate.swift */,
			);
			path = Sockets;
			sourceTree = "<group>";
		};
		48B3E876201781590085EDD2 /* Message */ = {
			isa = PBXGroup;
			children = (
				48B3E877201781600085EDD2 /* Message.swift */,
				48B3E879201782FD0085EDD2 /* MessageTypes.swift */,
				48B3E87B201783790085EDD2 /* MessageBuilder.swift */,
			);
			path = Message;
			sourceTree = "<group>";
		};
		48B3E885201793BA0085EDD2 /* Main */ = {
			isa = PBXGroup;
			children = (
				48B3E886201793C20085EDD2 /* MainViewController.swift */,
			);
			path = Main;
			sourceTree = "<group>";
		};
		48B3E8922017C0190085EDD2 /* TestRoom */ = {
			isa = PBXGroup;
			children = (
				48B3E8952017C0440085EDD2 /* TestRoomViewController.swift */,
			);
			path = TestRoom;
			sourceTree = "<group>";
		};
		48BD49FA20174AD60053FFDE /* Specialist */ = {
			isa = PBXGroup;
			children = (
				48BD49FB20174AE30053FFDE /* SpecialistModel.swift */,
				48BD49FF20174C530053FFDE /* SpecialistsRepository.swift */,
			);
			path = Specialist;
			sourceTree = "<group>";
		};
		48BD4A0120174DA20053FFDE /* Authorization */ = {
			isa = PBXGroup;
			children = (
				48BD4A0220174DAC0053FFDE /* Authorization.swift */,
			);
			path = Authorization;
			sourceTree = "<group>";
		};
		567E05578CA980B316C0729E /* Pods */ = {
			isa = PBXGroup;
			children = (
				EA95E17BE08C17D68E0EE43A /* Pods-AppRTCDemo.debug.xcconfig */,
				8D34F3CC836355E144EFFB5E /* Pods-AppRTCDemo.release.xcconfig */,
				00C6D005D261B302F4783755 /* Pods-AppRTCDemoTests.debug.xcconfig */,
				B9232B2E0D4E2C4F4A1ED24C /* Pods-AppRTCDemoTests.release.xcconfig */,
				14441BFD506D17633BA9AE4A /* Pods-AppRTCDemoUITests.debug.xcconfig */,
				34B3FE40AE60837C87F68871 /* Pods-AppRTCDemoUITests.release.xcconfig */,
			);
			name = Pods;
			sourceTree = "<group>";
		};
		6F303D1A69696571E028C83E /* Frameworks */ = {
			isa = PBXGroup;
			children = (
				CB4FC53AC8479F039D7F36E8 /* Pods_AppRTCDemo.framework */,
				FEAA89ABA368AA6DC9924800 /* Pods_AppRTCDemoTests.framework */,
				773D2014F14584A2496AE40D /* Pods_AppRTCDemoUITests.framework */,
			);
			name = Frameworks;
			sourceTree = "<group>";
		};
/* End PBXGroup section */

/* Begin PBXNativeTarget section */
		48843044200F737300EBA819 /* Fluke Assist */ = {
			isa = PBXNativeTarget;
			buildConfigurationList = 4884306D200F737300EBA819 /* Build configuration list for PBXNativeTarget "Fluke Assist" */;
			buildPhases = (
				FC40E05866E6B3CBE8CBE4B9 /* [CP] Check Pods Manifest.lock */,
				48843041200F737300EBA819 /* Sources */,
				48843042200F737300EBA819 /* Frameworks */,
				48843043200F737300EBA819 /* Resources */,
				BECD22D3DE1C288DAC7A081B /* [CP] Embed Pods Frameworks */,
				0BDD12C9632514681D561F1F /* [CP] Copy Pods Resources */,
			);
			buildRules = (
			);
			dependencies = (
			);
			name = "Fluke Assist";
			productName = AppRTCDemo;
			productReference = 48843045200F737300EBA819 /* Fluke Assist.app */;
			productType = "com.apple.product-type.application";
		};
		48843058200F737300EBA819 /* AppRTCDemoTests */ = {
			isa = PBXNativeTarget;
			buildConfigurationList = 48843070200F737300EBA819 /* Build configuration list for PBXNativeTarget "AppRTCDemoTests" */;
			buildPhases = (
				E70F9B34ABC50FF53708568E /* [CP] Check Pods Manifest.lock */,
				48843055200F737300EBA819 /* Sources */,
				48843056200F737300EBA819 /* Frameworks */,
				48843057200F737300EBA819 /* Resources */,
				0E31EEDB0F9F03AEA149E45D /* [CP] Embed Pods Frameworks */,
				6ECC1ACEFFA0209080F62E5C /* [CP] Copy Pods Resources */,
			);
			buildRules = (
			);
			dependencies = (
				4884305B200F737300EBA819 /* PBXTargetDependency */,
			);
			name = AppRTCDemoTests;
			productName = AppRTCDemoTests;
			productReference = 48843059200F737300EBA819 /* AppRTCDemoTests.xctest */;
			productType = "com.apple.product-type.bundle.unit-test";
		};
		48843063200F737300EBA819 /* AppRTCDemoUITests */ = {
			isa = PBXNativeTarget;
			buildConfigurationList = 48843073200F737300EBA819 /* Build configuration list for PBXNativeTarget "AppRTCDemoUITests" */;
			buildPhases = (
				2DBA259D7D29848278DA2459 /* [CP] Check Pods Manifest.lock */,
				48843060200F737300EBA819 /* Sources */,
				48843061200F737300EBA819 /* Frameworks */,
				48843062200F737300EBA819 /* Resources */,
				1CB864D882EC13E5FD93315A /* [CP] Embed Pods Frameworks */,
				FB844EF5269ED2E6AA3B9C20 /* [CP] Copy Pods Resources */,
			);
			buildRules = (
			);
			dependencies = (
				48843066200F737300EBA819 /* PBXTargetDependency */,
			);
			name = AppRTCDemoUITests;
			productName = AppRTCDemoUITests;
			productReference = 48843064200F737300EBA819 /* AppRTCDemoUITests.xctest */;
			productType = "com.apple.product-type.bundle.ui-testing";
		};
/* End PBXNativeTarget section */

/* Begin PBXProject section */
		4884303D200F737300EBA819 /* Project object */ = {
			isa = PBXProject;
			attributes = {
				LastSwiftUpdateCheck = 0910;
				LastUpgradeCheck = 0910;
				ORGANIZATIONNAME = "Maksim Kita";
				TargetAttributes = {
					48843044200F737300EBA819 = {
						CreatedOnToolsVersion = 9.1;
						LastSwiftMigration = 0910;
						ProvisioningStyle = Automatic;
					};
					48843058200F737300EBA819 = {
						CreatedOnToolsVersion = 9.1;
						ProvisioningStyle = Automatic;
						TestTargetID = 48843044200F737300EBA819;
					};
					48843063200F737300EBA819 = {
						CreatedOnToolsVersion = 9.1;
						ProvisioningStyle = Automatic;
						TestTargetID = 48843044200F737300EBA819;
					};
				};
			};
			buildConfigurationList = 48843040200F737300EBA819 /* Build configuration list for PBXProject "AppRTCDemo" */;
			compatibilityVersion = "Xcode 8.0";
			developmentRegion = en;
			hasScannedForEncodings = 0;
			knownRegions = (
				en,
				Base,
			);
			mainGroup = 4884303C200F737300EBA819;
			productRefGroup = 48843046200F737300EBA819 /* Products */;
			projectDirPath = "";
			projectRoot = "";
			targets = (
				48843044200F737300EBA819 /* Fluke Assist */,
				48843058200F737300EBA819 /* AppRTCDemoTests */,
				48843063200F737300EBA819 /* AppRTCDemoUITests */,
			);
		};
/* End PBXProject section */

/* Begin PBXResourcesBuildPhase section */
		48843043200F737300EBA819 /* Resources */ = {
			isa = PBXResourcesBuildPhase;
			buildActionMask = 2147483647;
			files = (
				488E393E2018A766007B1A5E /* LaunchScreen.storyboard in Resources */,
				488E39402018ADFB007B1A5E /* Assets.xcassets in Resources */,
				4884304E200F737300EBA819 /* Main.storyboard in Resources */,
			);
			runOnlyForDeploymentPostprocessing = 0;
		};
		48843057200F737300EBA819 /* Resources */ = {
			isa = PBXResourcesBuildPhase;
			buildActionMask = 2147483647;
			files = (
			);
			runOnlyForDeploymentPostprocessing = 0;
		};
		48843062200F737300EBA819 /* Resources */ = {
			isa = PBXResourcesBuildPhase;
			buildActionMask = 2147483647;
			files = (
			);
			runOnlyForDeploymentPostprocessing = 0;
		};
/* End PBXResourcesBuildPhase section */

/* Begin PBXShellScriptBuildPhase section */
		0BDD12C9632514681D561F1F /* [CP] Copy Pods Resources */ = {
			isa = PBXShellScriptBuildPhase;
			buildActionMask = 2147483647;
			files = (
			);
			inputPaths = (
			);
			name = "[CP] Copy Pods Resources";
			outputPaths = (
			);
			runOnlyForDeploymentPostprocessing = 0;
			shellPath = /bin/sh;
			shellScript = "\"${SRCROOT}/Pods/Target Support Files/Pods-AppRTCDemo/Pods-AppRTCDemo-resources.sh\"\n";
			showEnvVarsInLog = 0;
		};
		0E31EEDB0F9F03AEA149E45D /* [CP] Embed Pods Frameworks */ = {
			isa = PBXShellScriptBuildPhase;
			buildActionMask = 2147483647;
			files = (
			);
			inputPaths = (
			);
			name = "[CP] Embed Pods Frameworks";
			outputPaths = (
			);
			runOnlyForDeploymentPostprocessing = 0;
			shellPath = /bin/sh;
			shellScript = "\"${SRCROOT}/Pods/Target Support Files/Pods-AppRTCDemoTests/Pods-AppRTCDemoTests-frameworks.sh\"\n";
			showEnvVarsInLog = 0;
		};
		1CB864D882EC13E5FD93315A /* [CP] Embed Pods Frameworks */ = {
			isa = PBXShellScriptBuildPhase;
			buildActionMask = 2147483647;
			files = (
			);
			inputPaths = (
			);
			name = "[CP] Embed Pods Frameworks";
			outputPaths = (
			);
			runOnlyForDeploymentPostprocessing = 0;
			shellPath = /bin/sh;
			shellScript = "\"${SRCROOT}/Pods/Target Support Files/Pods-AppRTCDemoUITests/Pods-AppRTCDemoUITests-frameworks.sh\"\n";
			showEnvVarsInLog = 0;
		};
		2DBA259D7D29848278DA2459 /* [CP] Check Pods Manifest.lock */ = {
			isa = PBXShellScriptBuildPhase;
			buildActionMask = 2147483647;
			files = (
			);
			inputPaths = (
				"${PODS_PODFILE_DIR_PATH}/Podfile.lock",
				"${PODS_ROOT}/Manifest.lock",
			);
			name = "[CP] Check Pods Manifest.lock";
			outputPaths = (
				"$(DERIVED_FILE_DIR)/Pods-AppRTCDemoUITests-checkManifestLockResult.txt",
			);
			runOnlyForDeploymentPostprocessing = 0;
			shellPath = /bin/sh;
			shellScript = "diff \"${PODS_PODFILE_DIR_PATH}/Podfile.lock\" \"${PODS_ROOT}/Manifest.lock\" > /dev/null\nif [ $? != 0 ] ; then\n    # print error to STDERR\n    echo \"error: The sandbox is not in sync with the Podfile.lock. Run 'pod install' or update your CocoaPods installation.\" >&2\n    exit 1\nfi\n# This output is used by Xcode 'outputs' to avoid re-running this script phase.\necho \"SUCCESS\" > \"${SCRIPT_OUTPUT_FILE_0}\"\n";
			showEnvVarsInLog = 0;
		};
		6ECC1ACEFFA0209080F62E5C /* [CP] Copy Pods Resources */ = {
			isa = PBXShellScriptBuildPhase;
			buildActionMask = 2147483647;
			files = (
			);
			inputPaths = (
			);
			name = "[CP] Copy Pods Resources";
			outputPaths = (
			);
			runOnlyForDeploymentPostprocessing = 0;
			shellPath = /bin/sh;
			shellScript = "\"${SRCROOT}/Pods/Target Support Files/Pods-AppRTCDemoTests/Pods-AppRTCDemoTests-resources.sh\"\n";
			showEnvVarsInLog = 0;
		};
		BECD22D3DE1C288DAC7A081B /* [CP] Embed Pods Frameworks */ = {
			isa = PBXShellScriptBuildPhase;
			buildActionMask = 2147483647;
			files = (
			);
			inputPaths = (
				"${SRCROOT}/Pods/Target Support Files/Pods-AppRTCDemo/Pods-AppRTCDemo-frameworks.sh",
				"${BUILT_PRODUCTS_DIR}/ReactiveCocoa/ReactiveCocoa.framework",
				"${BUILT_PRODUCTS_DIR}/ReactiveSwift/ReactiveSwift.framework",
				"${BUILT_PRODUCTS_DIR}/Result/Result.framework",
				"${BUILT_PRODUCTS_DIR}/SocketRocket/SocketRocket.framework",
				"${BUILT_PRODUCTS_DIR}/Starscream/Starscream.framework",
			);
			name = "[CP] Embed Pods Frameworks";
			outputPaths = (
				"${TARGET_BUILD_DIR}/${FRAMEWORKS_FOLDER_PATH}/ReactiveCocoa.framework",
				"${TARGET_BUILD_DIR}/${FRAMEWORKS_FOLDER_PATH}/ReactiveSwift.framework",
				"${TARGET_BUILD_DIR}/${FRAMEWORKS_FOLDER_PATH}/Result.framework",
				"${TARGET_BUILD_DIR}/${FRAMEWORKS_FOLDER_PATH}/SocketRocket.framework",
				"${TARGET_BUILD_DIR}/${FRAMEWORKS_FOLDER_PATH}/Starscream.framework",
			);
			runOnlyForDeploymentPostprocessing = 0;
			shellPath = /bin/sh;
			shellScript = "\"${SRCROOT}/Pods/Target Support Files/Pods-AppRTCDemo/Pods-AppRTCDemo-frameworks.sh\"\n";
			showEnvVarsInLog = 0;
		};
		E70F9B34ABC50FF53708568E /* [CP] Check Pods Manifest.lock */ = {
			isa = PBXShellScriptBuildPhase;
			buildActionMask = 2147483647;
			files = (
			);
			inputPaths = (
				"${PODS_PODFILE_DIR_PATH}/Podfile.lock",
				"${PODS_ROOT}/Manifest.lock",
			);
			name = "[CP] Check Pods Manifest.lock";
			outputPaths = (
				"$(DERIVED_FILE_DIR)/Pods-AppRTCDemoTests-checkManifestLockResult.txt",
			);
			runOnlyForDeploymentPostprocessing = 0;
			shellPath = /bin/sh;
			shellScript = "diff \"${PODS_PODFILE_DIR_PATH}/Podfile.lock\" \"${PODS_ROOT}/Manifest.lock\" > /dev/null\nif [ $? != 0 ] ; then\n    # print error to STDERR\n    echo \"error: The sandbox is not in sync with the Podfile.lock. Run 'pod install' or update your CocoaPods installation.\" >&2\n    exit 1\nfi\n# This output is used by Xcode 'outputs' to avoid re-running this script phase.\necho \"SUCCESS\" > \"${SCRIPT_OUTPUT_FILE_0}\"\n";
			showEnvVarsInLog = 0;
		};
		FB844EF5269ED2E6AA3B9C20 /* [CP] Copy Pods Resources */ = {
			isa = PBXShellScriptBuildPhase;
			buildActionMask = 2147483647;
			files = (
			);
			inputPaths = (
			);
			name = "[CP] Copy Pods Resources";
			outputPaths = (
			);
			runOnlyForDeploymentPostprocessing = 0;
			shellPath = /bin/sh;
			shellScript = "\"${SRCROOT}/Pods/Target Support Files/Pods-AppRTCDemoUITests/Pods-AppRTCDemoUITests-resources.sh\"\n";
			showEnvVarsInLog = 0;
		};
		FC40E05866E6B3CBE8CBE4B9 /* [CP] Check Pods Manifest.lock */ = {
			isa = PBXShellScriptBuildPhase;
			buildActionMask = 2147483647;
			files = (
			);
			inputPaths = (
				"${PODS_PODFILE_DIR_PATH}/Podfile.lock",
				"${PODS_ROOT}/Manifest.lock",
			);
			name = "[CP] Check Pods Manifest.lock";
			outputPaths = (
				"$(DERIVED_FILE_DIR)/Pods-AppRTCDemo-checkManifestLockResult.txt",
			);
			runOnlyForDeploymentPostprocessing = 0;
			shellPath = /bin/sh;
			shellScript = "diff \"${PODS_PODFILE_DIR_PATH}/Podfile.lock\" \"${PODS_ROOT}/Manifest.lock\" > /dev/null\nif [ $? != 0 ] ; then\n    # print error to STDERR\n    echo \"error: The sandbox is not in sync with the Podfile.lock. Run 'pod install' or update your CocoaPods installation.\" >&2\n    exit 1\nfi\n# This output is used by Xcode 'outputs' to avoid re-running this script phase.\necho \"SUCCESS\" > \"${SCRIPT_OUTPUT_FILE_0}\"\n";
			showEnvVarsInLog = 0;
		};
/* End PBXShellScriptBuildPhase section */

/* Begin PBXSourcesBuildPhase section */
		48843041200F737300EBA819 /* Sources */ = {
			isa = PBXSourcesBuildPhase;
			buildActionMask = 2147483647;
			files = (
				4816E723201217F80096DFEF /* DrawDelegate.swift in Sources */,
				4884304B200F737300EBA819 /* ViewController.swift in Sources */,
				481AF13A2015F04F0091273B /* VideoCallViewController.swift in Sources */,
				48B3E878201781600085EDD2 /* Message.swift in Sources */,
				48B3E8962017C0440085EDD2 /* TestRoomViewController.swift in Sources */,
				480403252013586900A50C61 /* DrawView.swift in Sources */,
				48843289200FB71D00EBA819 /* ARDMessageResponse.m in Sources */,
				4888393920171F030086269E /* Path.swift in Sources */,
				48BD49FC20174AE30053FFDE /* SpecialistModel.swift in Sources */,
				489BCB312015CDAD00933E44 /* VideoActions.swift in Sources */,
				4884328D200FB71D00EBA819 /* ARDSignalingMessage.m in Sources */,
				48843290200FB71D00EBA819 /* RTCICECandidate+JSON.m in Sources */,
				48B3E88220178AA30085EDD2 /* SocketDelegate.swift in Sources */,
				48B3E88B2017A0F20085EDD2 /* SpecialistsActions.swift in Sources */,
				48B3E87E2017879A0085EDD2 /* SocketModel.swift in Sources */,
				4823143D201104F10052292C /* DrawViewController.swift in Sources */,
				48B3E88D2017A1D50085EDD2 /* SpecialistsTableViewController.swift in Sources */,
				4888393720171EC60086269E /* DrawMessage.swift in Sources */,
				48231440201109B90052292C /* Line.swift in Sources */,
				48B3E874201781390085EDD2 /* SpecialistsViewModel.swift in Sources */,
				48B3E87C201783790085EDD2 /* MessageBuilder.swift in Sources */,
				48843292200FB71D00EBA819 /* ARDUtilities.m in Sources */,
				486097F82011D9B10081700F /* AppClientConstants.swift in Sources */,
				4884328E200FB71D00EBA819 /* ARDRegisterResponse.m in Sources */,
				48F975F720187DA900414644 /* SpecialistsViewModelDelegate.swift in Sources */,
				487637F42011FF5D00FDFA17 /* Utils.swift in Sources */,
				48843291200FB71D00EBA819 /* ARDAppClient.m in Sources */,
				4884328B200FB71D00EBA819 /* RTCMediaConstraints+JSON.m in Sources */,
				4884328C200FB71D00EBA819 /* RTCSessionDescription+JSON.m in Sources */,
				48843049200F737300EBA819 /* AppDelegate.swift in Sources */,
				48B3E88F2017A1E80085EDD2 /* SpecialistTableViewCell.swift in Sources */,
				48B3E87A201782FD0085EDD2 /* MessageTypes.swift in Sources */,
				48EBEE1E2016589400F36C3E /* AnimationConstants.swift in Sources */,
				48B3E884201792740085EDD2 /* AuthorizationViewController.swift in Sources */,
				481AF1482015F7270091273B /* DesignViewController.swift in Sources */,
				48BD4A0020174C530053FFDE /* SpecialistsRepository.swift in Sources */,
				489BCB2F2015CDA000933E44 /* VideoViewModel.swift in Sources */,
				4816E72B201222C20096DFEF /* DrawConstants.swift in Sources */,
				4815A0E42015FD560095C9EF /* RoomNavigationViewController.swift in Sources */,
				48B3E887201793C20085EDD2 /* MainViewController.swift in Sources */,
				4816E720201217190096DFEF /* AbstractDrawViewController.swift in Sources */,
				4884328F200FB71D00EBA819 /* RTCICEServer+JSON.m in Sources */,
				48B3E880201789AD0085EDD2 /* SocketsConstants.swift in Sources */,
				4816E726201219FF0096DFEF /* VideoViewController.swift in Sources */,
				4884328A200FB71D00EBA819 /* ARDWebSocketChannel.m in Sources */,
				48BD4A0320174DAC0053FFDE /* Authorization.swift in Sources */,
			);
			runOnlyForDeploymentPostprocessing = 0;
		};
		48843055200F737300EBA819 /* Sources */ = {
			isa = PBXSourcesBuildPhase;
			buildActionMask = 2147483647;
			files = (
				4888393B201724190086269E /* PathsConvertTestTests.swift in Sources */,
				4884305E200F737300EBA819 /* AppRTCDemoTests.swift in Sources */,
			);
			runOnlyForDeploymentPostprocessing = 0;
		};
		48843060200F737300EBA819 /* Sources */ = {
			isa = PBXSourcesBuildPhase;
			buildActionMask = 2147483647;
			files = (
				48843069200F737300EBA819 /* AppRTCDemoUITests.swift in Sources */,
			);
			runOnlyForDeploymentPostprocessing = 0;
		};
/* End PBXSourcesBuildPhase section */

/* Begin PBXTargetDependency section */
		4884305B200F737300EBA819 /* PBXTargetDependency */ = {
			isa = PBXTargetDependency;
			target = 48843044200F737300EBA819 /* Fluke Assist */;
			targetProxy = 4884305A200F737300EBA819 /* PBXContainerItemProxy */;
		};
		48843066200F737300EBA819 /* PBXTargetDependency */ = {
			isa = PBXTargetDependency;
			target = 48843044200F737300EBA819 /* Fluke Assist */;
			targetProxy = 48843065200F737300EBA819 /* PBXContainerItemProxy */;
		};
/* End PBXTargetDependency section */

/* Begin PBXVariantGroup section */
		4884304C200F737300EBA819 /* Main.storyboard */ = {
			isa = PBXVariantGroup;
			children = (
				4884304D200F737300EBA819 /* Base */,
			);
			name = Main.storyboard;
			sourceTree = "<group>";
		};
		488E393C2018A766007B1A5E /* LaunchScreen.storyboard */ = {
			isa = PBXVariantGroup;
			children = (
				488E393D2018A766007B1A5E /* Base */,
			);
			name = LaunchScreen.storyboard;
			sourceTree = "<group>";
		};
/* End PBXVariantGroup section */

/* Begin XCBuildConfiguration section */
		4884306B200F737300EBA819 /* Debug */ = {
			isa = XCBuildConfiguration;
			buildSettings = {
				ALWAYS_SEARCH_USER_PATHS = NO;
				CLANG_ANALYZER_NONNULL = YES;
				CLANG_ANALYZER_NUMBER_OBJECT_CONVERSION = YES_AGGRESSIVE;
				CLANG_CXX_LANGUAGE_STANDARD = "gnu++14";
				CLANG_CXX_LIBRARY = "libc++";
				CLANG_ENABLE_MODULES = YES;
				CLANG_ENABLE_OBJC_ARC = YES;
				CLANG_WARN_BLOCK_CAPTURE_AUTORELEASING = YES;
				CLANG_WARN_BOOL_CONVERSION = YES;
				CLANG_WARN_COMMA = YES;
				CLANG_WARN_CONSTANT_CONVERSION = YES;
				CLANG_WARN_DIRECT_OBJC_ISA_USAGE = YES_ERROR;
				CLANG_WARN_DOCUMENTATION_COMMENTS = YES;
				CLANG_WARN_EMPTY_BODY = YES;
				CLANG_WARN_ENUM_CONVERSION = YES;
				CLANG_WARN_INFINITE_RECURSION = YES;
				CLANG_WARN_INT_CONVERSION = YES;
				CLANG_WARN_NON_LITERAL_NULL_CONVERSION = YES;
				CLANG_WARN_OBJC_LITERAL_CONVERSION = YES;
				CLANG_WARN_OBJC_ROOT_CLASS = YES_ERROR;
				CLANG_WARN_RANGE_LOOP_ANALYSIS = YES;
				CLANG_WARN_STRICT_PROTOTYPES = YES;
				CLANG_WARN_SUSPICIOUS_MOVE = YES;
				CLANG_WARN_UNGUARDED_AVAILABILITY = YES_AGGRESSIVE;
				CLANG_WARN_UNREACHABLE_CODE = YES;
				CLANG_WARN__DUPLICATE_METHOD_MATCH = YES;
				CODE_SIGN_IDENTITY = "iPhone Developer";
				COPY_PHASE_STRIP = NO;
				DEBUG_INFORMATION_FORMAT = dwarf;
				ENABLE_BITCODE = NO;
				ENABLE_STRICT_OBJC_MSGSEND = YES;
				ENABLE_TESTABILITY = YES;
				GCC_C_LANGUAGE_STANDARD = gnu11;
				GCC_DYNAMIC_NO_PIC = NO;
				GCC_NO_COMMON_BLOCKS = YES;
				GCC_OPTIMIZATION_LEVEL = 0;
				GCC_PREPROCESSOR_DEFINITIONS = (
					"DEBUG=1",
					"$(inherited)",
				);
				GCC_WARN_64_TO_32_BIT_CONVERSION = YES;
				GCC_WARN_ABOUT_RETURN_TYPE = YES_ERROR;
				GCC_WARN_UNDECLARED_SELECTOR = YES;
				GCC_WARN_UNINITIALIZED_AUTOS = YES_AGGRESSIVE;
				GCC_WARN_UNUSED_FUNCTION = YES;
				GCC_WARN_UNUSED_VARIABLE = YES;
				IPHONEOS_DEPLOYMENT_TARGET = 11.1;
				MTL_ENABLE_DEBUG_INFO = YES;
				ONLY_ACTIVE_ARCH = YES;
				SDKROOT = iphoneos;
				SWIFT_ACTIVE_COMPILATION_CONDITIONS = DEBUG;
				SWIFT_OPTIMIZATION_LEVEL = "-Onone";
			};
			name = Debug;
		};
		4884306C200F737300EBA819 /* Release */ = {
			isa = XCBuildConfiguration;
			buildSettings = {
				ALWAYS_SEARCH_USER_PATHS = NO;
				CLANG_ANALYZER_NONNULL = YES;
				CLANG_ANALYZER_NUMBER_OBJECT_CONVERSION = YES_AGGRESSIVE;
				CLANG_CXX_LANGUAGE_STANDARD = "gnu++14";
				CLANG_CXX_LIBRARY = "libc++";
				CLANG_ENABLE_MODULES = YES;
				CLANG_ENABLE_OBJC_ARC = YES;
				CLANG_WARN_BLOCK_CAPTURE_AUTORELEASING = YES;
				CLANG_WARN_BOOL_CONVERSION = YES;
				CLANG_WARN_COMMA = YES;
				CLANG_WARN_CONSTANT_CONVERSION = YES;
				CLANG_WARN_DIRECT_OBJC_ISA_USAGE = YES_ERROR;
				CLANG_WARN_DOCUMENTATION_COMMENTS = YES;
				CLANG_WARN_EMPTY_BODY = YES;
				CLANG_WARN_ENUM_CONVERSION = YES;
				CLANG_WARN_INFINITE_RECURSION = YES;
				CLANG_WARN_INT_CONVERSION = YES;
				CLANG_WARN_NON_LITERAL_NULL_CONVERSION = YES;
				CLANG_WARN_OBJC_LITERAL_CONVERSION = YES;
				CLANG_WARN_OBJC_ROOT_CLASS = YES_ERROR;
				CLANG_WARN_RANGE_LOOP_ANALYSIS = YES;
				CLANG_WARN_STRICT_PROTOTYPES = YES;
				CLANG_WARN_SUSPICIOUS_MOVE = YES;
				CLANG_WARN_UNGUARDED_AVAILABILITY = YES_AGGRESSIVE;
				CLANG_WARN_UNREACHABLE_CODE = YES;
				CLANG_WARN__DUPLICATE_METHOD_MATCH = YES;
				CODE_SIGN_IDENTITY = "iPhone Developer";
				COPY_PHASE_STRIP = NO;
				DEBUG_INFORMATION_FORMAT = "dwarf-with-dsym";
				ENABLE_BITCODE = NO;
				ENABLE_NS_ASSERTIONS = NO;
				ENABLE_STRICT_OBJC_MSGSEND = YES;
				GCC_C_LANGUAGE_STANDARD = gnu11;
				GCC_NO_COMMON_BLOCKS = YES;
				GCC_WARN_64_TO_32_BIT_CONVERSION = YES;
				GCC_WARN_ABOUT_RETURN_TYPE = YES_ERROR;
				GCC_WARN_UNDECLARED_SELECTOR = YES;
				GCC_WARN_UNINITIALIZED_AUTOS = YES_AGGRESSIVE;
				GCC_WARN_UNUSED_FUNCTION = YES;
				GCC_WARN_UNUSED_VARIABLE = YES;
				IPHONEOS_DEPLOYMENT_TARGET = 11.1;
				MTL_ENABLE_DEBUG_INFO = NO;
				SDKROOT = iphoneos;
				SWIFT_OPTIMIZATION_LEVEL = "-Owholemodule";
				VALIDATE_PRODUCT = YES;
			};
			name = Release;
		};
		4884306E200F737300EBA819 /* Debug */ = {
			isa = XCBuildConfiguration;
			baseConfigurationReference = EA95E17BE08C17D68E0EE43A /* Pods-AppRTCDemo.debug.xcconfig */;
			buildSettings = {
				ASSETCATALOG_COMPILER_APPICON_NAME = AppIcon;
				CLANG_ENABLE_MODULES = YES;
				CODE_SIGN_STYLE = Automatic;
				DEVELOPMENT_TEAM = FTX976S7G9;
				ENABLE_BITCODE = NO;
				INFOPLIST_FILE = AppRTCDemo/Info.plist;
				IPHONEOS_DEPLOYMENT_TARGET = 9.3;
				LD_RUNPATH_SEARCH_PATHS = "$(inherited) @executable_path/Frameworks";
				PRODUCT_BUNDLE_IDENTIFIER = "Maksim-Kita.Maksim-Kita-AppRTC-Demo";
				PRODUCT_NAME = "$(TARGET_NAME)";
				SWIFT_OBJC_BRIDGING_HEADER = "AppRTCDemo/AppRTCLib/AppRTCDemo-Bridging-Header.h";
				SWIFT_OPTIMIZATION_LEVEL = "-Onone";
				SWIFT_VERSION = 4.0;
				TARGETED_DEVICE_FAMILY = "1,2";
			};
			name = Debug;
		};
		4884306F200F737300EBA819 /* Release */ = {
			isa = XCBuildConfiguration;
			baseConfigurationReference = 8D34F3CC836355E144EFFB5E /* Pods-AppRTCDemo.release.xcconfig */;
			buildSettings = {
				ASSETCATALOG_COMPILER_APPICON_NAME = AppIcon;
				CLANG_ENABLE_MODULES = YES;
				CODE_SIGN_STYLE = Automatic;
				DEVELOPMENT_TEAM = FTX976S7G9;
				ENABLE_BITCODE = NO;
				INFOPLIST_FILE = AppRTCDemo/Info.plist;
				IPHONEOS_DEPLOYMENT_TARGET = 9.3;
				LD_RUNPATH_SEARCH_PATHS = "$(inherited) @executable_path/Frameworks";
				PRODUCT_BUNDLE_IDENTIFIER = "Maksim-Kita.Maksim-Kita-AppRTC-Demo";
				PRODUCT_NAME = "$(TARGET_NAME)";
				SWIFT_OBJC_BRIDGING_HEADER = "AppRTCDemo/AppRTCLib/AppRTCDemo-Bridging-Header.h";
				SWIFT_VERSION = 4.0;
				TARGETED_DEVICE_FAMILY = "1,2";
			};
			name = Release;
		};
		48843071200F737300EBA819 /* Debug */ = {
			isa = XCBuildConfiguration;
			baseConfigurationReference = 00C6D005D261B302F4783755 /* Pods-AppRTCDemoTests.debug.xcconfig */;
			buildSettings = {
				ALWAYS_EMBED_SWIFT_STANDARD_LIBRARIES = YES;
				BUNDLE_LOADER = "$(TEST_HOST)";
				CODE_SIGN_STYLE = Automatic;
				DEVELOPMENT_TEAM = 6FZFL3G4N7;
				INFOPLIST_FILE = AppRTCDemoTests/Info.plist;
				LD_RUNPATH_SEARCH_PATHS = "$(inherited) @executable_path/Frameworks @loader_path/Frameworks";
				PRODUCT_BUNDLE_IDENTIFIER = "Maksim-Kita.AppRTCDemoTests";
				PRODUCT_NAME = "$(TARGET_NAME)";
				SWIFT_VERSION = 4.0;
				TARGETED_DEVICE_FAMILY = "1,2";
				TEST_HOST = "$(BUILT_PRODUCTS_DIR)/AppRTCDemo.app/AppRTCDemo";
			};
			name = Debug;
		};
		48843072200F737300EBA819 /* Release */ = {
			isa = XCBuildConfiguration;
			baseConfigurationReference = B9232B2E0D4E2C4F4A1ED24C /* Pods-AppRTCDemoTests.release.xcconfig */;
			buildSettings = {
				ALWAYS_EMBED_SWIFT_STANDARD_LIBRARIES = YES;
				BUNDLE_LOADER = "$(TEST_HOST)";
				CODE_SIGN_STYLE = Automatic;
				DEVELOPMENT_TEAM = 6FZFL3G4N7;
				INFOPLIST_FILE = AppRTCDemoTests/Info.plist;
				LD_RUNPATH_SEARCH_PATHS = "$(inherited) @executable_path/Frameworks @loader_path/Frameworks";
				PRODUCT_BUNDLE_IDENTIFIER = "Maksim-Kita.AppRTCDemoTests";
				PRODUCT_NAME = "$(TARGET_NAME)";
				SWIFT_VERSION = 4.0;
				TARGETED_DEVICE_FAMILY = "1,2";
				TEST_HOST = "$(BUILT_PRODUCTS_DIR)/AppRTCDemo.app/AppRTCDemo";
			};
			name = Release;
		};
		48843074200F737300EBA819 /* Debug */ = {
			isa = XCBuildConfiguration;
			baseConfigurationReference = 14441BFD506D17633BA9AE4A /* Pods-AppRTCDemoUITests.debug.xcconfig */;
			buildSettings = {
				ALWAYS_EMBED_SWIFT_STANDARD_LIBRARIES = YES;
				CODE_SIGN_STYLE = Automatic;
				DEVELOPMENT_TEAM = 6FZFL3G4N7;
				INFOPLIST_FILE = AppRTCDemoUITests/Info.plist;
				LD_RUNPATH_SEARCH_PATHS = "$(inherited) @executable_path/Frameworks @loader_path/Frameworks";
				PRODUCT_BUNDLE_IDENTIFIER = "Maksim-Kita.AppRTCDemoUITests";
				PRODUCT_NAME = "$(TARGET_NAME)";
				SWIFT_VERSION = 4.0;
				TARGETED_DEVICE_FAMILY = "1,2";
				TEST_TARGET_NAME = AppRTCDemo;
			};
			name = Debug;
		};
		48843075200F737300EBA819 /* Release */ = {
			isa = XCBuildConfiguration;
			baseConfigurationReference = 34B3FE40AE60837C87F68871 /* Pods-AppRTCDemoUITests.release.xcconfig */;
			buildSettings = {
				ALWAYS_EMBED_SWIFT_STANDARD_LIBRARIES = YES;
				CODE_SIGN_STYLE = Automatic;
				DEVELOPMENT_TEAM = 6FZFL3G4N7;
				INFOPLIST_FILE = AppRTCDemoUITests/Info.plist;
				LD_RUNPATH_SEARCH_PATHS = "$(inherited) @executable_path/Frameworks @loader_path/Frameworks";
				PRODUCT_BUNDLE_IDENTIFIER = "Maksim-Kita.AppRTCDemoUITests";
				PRODUCT_NAME = "$(TARGET_NAME)";
				SWIFT_VERSION = 4.0;
				TARGETED_DEVICE_FAMILY = "1,2";
				TEST_TARGET_NAME = AppRTCDemo;
			};
			name = Release;
		};
/* End XCBuildConfiguration section */

/* Begin XCConfigurationList section */
		48843040200F737300EBA819 /* Build configuration list for PBXProject "AppRTCDemo" */ = {
			isa = XCConfigurationList;
			buildConfigurations = (
				4884306B200F737300EBA819 /* Debug */,
				4884306C200F737300EBA819 /* Release */,
			);
			defaultConfigurationIsVisible = 0;
			defaultConfigurationName = Release;
		};
		4884306D200F737300EBA819 /* Build configuration list for PBXNativeTarget "Fluke Assist" */ = {
			isa = XCConfigurationList;
			buildConfigurations = (
				4884306E200F737300EBA819 /* Debug */,
				4884306F200F737300EBA819 /* Release */,
			);
			defaultConfigurationIsVisible = 0;
			defaultConfigurationName = Release;
		};
		48843070200F737300EBA819 /* Build configuration list for PBXNativeTarget "AppRTCDemoTests" */ = {
			isa = XCConfigurationList;
			buildConfigurations = (
				48843071200F737300EBA819 /* Debug */,
				48843072200F737300EBA819 /* Release */,
			);
			defaultConfigurationIsVisible = 0;
			defaultConfigurationName = Release;
		};
		48843073200F737300EBA819 /* Build configuration list for PBXNativeTarget "AppRTCDemoUITests" */ = {
			isa = XCConfigurationList;
			buildConfigurations = (
				48843074200F737300EBA819 /* Debug */,
				48843075200F737300EBA819 /* Release */,
			);
			defaultConfigurationIsVisible = 0;
			defaultConfigurationName = Release;
		};
/* End XCConfigurationList section */
	};
	rootObject = 4884303D200F737300EBA819 /* Project object */;
}
